
Microsoft Visual Studio Solution File, Format Version 12.00
# Visual Studio 15
Project("{FAE04EC0-301F-11D3-BF4B-00C04F79EFBC}") = "Assembly-CSharp", "Assembly-CSharp.csproj", "{F5A30C48-3047-D670-D728-EE81A0EBAF39}"
EndProject
Project("{FAE04EC0-301F-11D3-BF4B-00C04F79EFBC}") = "Assembly-CSharp-Editor", "Assembly-CSharp-Editor.csproj", "{37352FA2-78A0-7489-8CF1-8B22A501557A}"
EndProject
Global
	GlobalSection(SolutionConfigurationPlatforms) = preSolution
		Debug|Any CPU = Debug|Any CPU
		Release|Any CPU = Release|Any CPU
	EndGlobalSection
	GlobalSection(ProjectConfigurationPlatforms) = postSolution
		{F5A30C48-3047-D670-D728-EE81A0EBAF39}.Debug|Any CPU.ActiveCfg = Debug|Any CPU
		{F5A30C48-3047-D670-D728-EE81A0EBAF39}.Debug|Any CPU.Build.0 = Debug|Any CPU
		{F5A30C48-3047-D670-D728-EE81A0EBAF39}.Release|Any CPU.ActiveCfg = Release|Any CPU
		{F5A30C48-3047-D670-D728-EE81A0EBAF39}.Release|Any CPU.Build.0 = Release|Any CPU
		{37352FA2-78A0-7489-8CF1-8B22A501557A}.Debug|Any CPU.ActiveCfg = Debug|Any CPU
		{37352FA2-78A0-7489-8CF1-8B22A501557A}.Debug|Any CPU.Build.0 = Debug|Any CPU
		{37352FA2-78A0-7489-8CF1-8B22A501557A}.Release|Any CPU.ActiveCfg = Release|Any CPU
		{37352FA2-78A0-7489-8CF1-8B22A501557A}.Release|Any CPU.Build.0 = Release|Any CPU
	EndGlobalSection
	GlobalSection(SolutionProperties) = preSolution
		HideSolutionNode = FALSE
	EndGlobalSection
EndGlobal
